// !$*UTF8*$!
{
	archiveVersion = 1;
	classes = {
	};
	objectVersion = 55;
	objects = {

/* Begin PBXBuildFile section */
		595770C0DCA3D951D288E835 /* Pods_BlockGeminiTask.framework in Frameworks */ = {isa = PBXBuildFile; fileRef = 67A3E946F43D95C4EBEC54AC /* Pods_BlockGeminiTask.framework */; };
		873977D62786D27F00BD6032 /* AppDelegate.swift in Sources */ = {isa = PBXBuildFile; fileRef = 873977D52786D27F00BD6032 /* AppDelegate.swift */; };
		873977D82786D27F00BD6032 /* SceneDelegate.swift in Sources */ = {isa = PBXBuildFile; fileRef = 873977D72786D27F00BD6032 /* SceneDelegate.swift */; };
		873977DA2786D27F00BD6032 /* HomeViewController.swift in Sources */ = {isa = PBXBuildFile; fileRef = 873977D92786D27F00BD6032 /* HomeViewController.swift */; };
		873977DD2786D27F00BD6032 /* Main.storyboard in Resources */ = {isa = PBXBuildFile; fileRef = 873977DB2786D27F00BD6032 /* Main.storyboard */; };
		873977DF2786D28000BD6032 /* Assets.xcassets in Resources */ = {isa = PBXBuildFile; fileRef = 873977DE2786D28000BD6032 /* Assets.xcassets */; };
		873977E22786D28000BD6032 /* LaunchScreen.storyboard in Resources */ = {isa = PBXBuildFile; fileRef = 873977E02786D28000BD6032 /* LaunchScreen.storyboard */; };
		873977ED2786D28000BD6032 /* BlockGeminiTaskTests.swift in Sources */ = {isa = PBXBuildFile; fileRef = 873977EC2786D28000BD6032 /* BlockGeminiTaskTests.swift */; };
		873977F72786D28000BD6032 /* BlockGeminiTaskUITests.swift in Sources */ = {isa = PBXBuildFile; fileRef = 873977F62786D28000BD6032 /* BlockGeminiTaskUITests.swift */; };
		873977F92786D28000BD6032 /* BlockGeminiTaskUITestsLaunchTests.swift in Sources */ = {isa = PBXBuildFile; fileRef = 873977F82786D28000BD6032 /* BlockGeminiTaskUITestsLaunchTests.swift */; };
		873978092786DA4800BD6032 /* LoginModel.swift in Sources */ = {isa = PBXBuildFile; fileRef = 873978082786DA4800BD6032 /* LoginModel.swift */; };
		8739780B2786DA5F00BD6032 /* LobbyModel.swift in Sources */ = {isa = PBXBuildFile; fileRef = 8739780A2786DA5F00BD6032 /* LobbyModel.swift */; };
		8739780D2786DB5100BD6032 /* README.md in Resources */ = {isa = PBXBuildFile; fileRef = 8739780C2786DB5100BD6032 /* README.md */; };
		873978102786F22300BD6032 /* LoginPopupView.swift in Sources */ = {isa = PBXBuildFile; fileRef = 8739780F2786F22300BD6032 /* LoginPopupView.swift */; };
		873978122786F35800BD6032 /* ViewBlur.swift in Sources */ = {isa = PBXBuildFile; fileRef = 873978112786F35800BD6032 /* ViewBlur.swift */; };
		873978162786F6F200BD6032 /* Axiforma Bold.otf in Resources */ = {isa = PBXBuildFile; fileRef = 873978142786F6F200BD6032 /* Axiforma Bold.otf */; };
		873978172786F6F200BD6032 /* Axiforma Regular.otf in Resources */ = {isa = PBXBuildFile; fileRef = 873978152786F6F200BD6032 /* Axiforma Regular.otf */; };
		8739781927878BD100BD6032 /* LobbyViewController.swift in Sources */ = {isa = PBXBuildFile; fileRef = 8739781827878BD000BD6032 /* LobbyViewController.swift */; };
		8739781B27878DF500BD6032 /* LobbyAppBar.swift in Sources */ = {isa = PBXBuildFile; fileRef = 8739781A27878DF500BD6032 /* LobbyAppBar.swift */; };
		8739781D278796DF00BD6032 /* Constants.swift in Sources */ = {isa = PBXBuildFile; fileRef = 8739781C278796DF00BD6032 /* Constants.swift */; };
		8B618F4BDAF07EA183B40DEB /* Pods_BlockGeminiTaskTests.framework in Frameworks */ = {isa = PBXBuildFile; fileRef = 5753BC80858FCAD0E4691F85 /* Pods_BlockGeminiTaskTests.framework */; };
		D11A997C35700BC42D0042F9 /* Pods_BlockGeminiTask_BlockGeminiTaskUITests.framework in Frameworks */ = {isa = PBXBuildFile; fileRef = C9920C27B6E43D460EFBAFD5 /* Pods_BlockGeminiTask_BlockGeminiTaskUITests.framework */; };
/* End PBXBuildFile section */

/* Begin PBXContainerItemProxy section */
		873977E92786D28000BD6032 /* PBXContainerItemProxy */ = {
			isa = PBXContainerItemProxy;
			containerPortal = 873977CA2786D27F00BD6032 /* Project object */;
			proxyType = 1;
			remoteGlobalIDString = 873977D12786D27F00BD6032;
			remoteInfo = BlockGeminiTask;
		};
		873977F32786D28000BD6032 /* PBXContainerItemProxy */ = {
			isa = PBXContainerItemProxy;
			containerPortal = 873977CA2786D27F00BD6032 /* Project object */;
			proxyType = 1;
			remoteGlobalIDString = 873977D12786D27F00BD6032;
			remoteInfo = BlockGeminiTask;
		};
/* End PBXContainerItemProxy section */

/* Begin PBXFileReference section */
		01FA9BD73F78983AF199C6AC /* Pods-BlockGeminiTaskTests.debug.xcconfig */ = {isa = PBXFileReference; includeInIndex = 1; lastKnownFileType = text.xcconfig; name = "Pods-BlockGeminiTaskTests.debug.xcconfig"; path = "Target Support Files/Pods-BlockGeminiTaskTests/Pods-BlockGeminiTaskTests.debug.xcconfig"; sourceTree = "<group>"; };
		5753BC80858FCAD0E4691F85 /* Pods_BlockGeminiTaskTests.framework */ = {isa = PBXFileReference; explicitFileType = wrapper.framework; includeInIndex = 0; path = Pods_BlockGeminiTaskTests.framework; sourceTree = BUILT_PRODUCTS_DIR; };
		67A3E946F43D95C4EBEC54AC /* Pods_BlockGeminiTask.framework */ = {isa = PBXFileReference; explicitFileType = wrapper.framework; includeInIndex = 0; path = Pods_BlockGeminiTask.framework; sourceTree = BUILT_PRODUCTS_DIR; };
		873977D22786D27F00BD6032 /* BlockGeminiTask.app */ = {isa = PBXFileReference; explicitFileType = wrapper.application; includeInIndex = 0; path = BlockGeminiTask.app; sourceTree = BUILT_PRODUCTS_DIR; };
		873977D52786D27F00BD6032 /* AppDelegate.swift */ = {isa = PBXFileReference; lastKnownFileType = sourcecode.swift; path = AppDelegate.swift; sourceTree = "<group>"; };
		873977D72786D27F00BD6032 /* SceneDelegate.swift */ = {isa = PBXFileReference; lastKnownFileType = sourcecode.swift; path = SceneDelegate.swift; sourceTree = "<group>"; };
		873977D92786D27F00BD6032 /* HomeViewController.swift */ = {isa = PBXFileReference; lastKnownFileType = sourcecode.swift; path = HomeViewController.swift; sourceTree = "<group>"; };
		873977DC2786D27F00BD6032 /* Base */ = {isa = PBXFileReference; lastKnownFileType = file.storyboard; name = Base; path = Base.lproj/Main.storyboard; sourceTree = "<group>"; };
		873977DE2786D28000BD6032 /* Assets.xcassets */ = {isa = PBXFileReference; lastKnownFileType = folder.assetcatalog; path = Assets.xcassets; sourceTree = "<group>"; };
		873977E12786D28000BD6032 /* Base */ = {isa = PBXFileReference; lastKnownFileType = file.storyboard; name = Base; path = Base.lproj/LaunchScreen.storyboard; sourceTree = "<group>"; };
		873977E32786D28000BD6032 /* Info.plist */ = {isa = PBXFileReference; lastKnownFileType = text.plist.xml; path = Info.plist; sourceTree = "<group>"; };
		873977E82786D28000BD6032 /* BlockGeminiTaskTests.xctest */ = {isa = PBXFileReference; explicitFileType = wrapper.cfbundle; includeInIndex = 0; path = BlockGeminiTaskTests.xctest; sourceTree = BUILT_PRODUCTS_DIR; };
		873977EC2786D28000BD6032 /* BlockGeminiTaskTests.swift */ = {isa = PBXFileReference; lastKnownFileType = sourcecode.swift; path = BlockGeminiTaskTests.swift; sourceTree = "<group>"; };
		873977F22786D28000BD6032 /* BlockGeminiTaskUITests.xctest */ = {isa = PBXFileReference; explicitFileType = wrapper.cfbundle; includeInIndex = 0; path = BlockGeminiTaskUITests.xctest; sourceTree = BUILT_PRODUCTS_DIR; };
		873977F62786D28000BD6032 /* BlockGeminiTaskUITests.swift */ = {isa = PBXFileReference; lastKnownFileType = sourcecode.swift; path = BlockGeminiTaskUITests.swift; sourceTree = "<group>"; };
		873977F82786D28000BD6032 /* BlockGeminiTaskUITestsLaunchTests.swift */ = {isa = PBXFileReference; lastKnownFileType = sourcecode.swift; path = BlockGeminiTaskUITestsLaunchTests.swift; sourceTree = "<group>"; };
		873978082786DA4800BD6032 /* LoginModel.swift */ = {isa = PBXFileReference; lastKnownFileType = sourcecode.swift; path = LoginModel.swift; sourceTree = "<group>"; };
		8739780A2786DA5F00BD6032 /* LobbyModel.swift */ = {isa = PBXFileReference; lastKnownFileType = sourcecode.swift; path = LobbyModel.swift; sourceTree = "<group>"; };
		8739780C2786DB5100BD6032 /* README.md */ = {isa = PBXFileReference; lastKnownFileType = net.daringfireball.markdown; path = README.md; sourceTree = "<group>"; };
		8739780F2786F22300BD6032 /* LoginPopupView.swift */ = {isa = PBXFileReference; lastKnownFileType = sourcecode.swift; path = LoginPopupView.swift; sourceTree = "<group>"; };
		873978112786F35800BD6032 /* ViewBlur.swift */ = {isa = PBXFileReference; lastKnownFileType = sourcecode.swift; path = ViewBlur.swift; sourceTree = "<group>"; };
		873978142786F6F200BD6032 /* Axiforma Bold.otf */ = {isa = PBXFileReference; lastKnownFileType = file; path = "Axiforma Bold.otf"; sourceTree = "<group>"; };
		873978152786F6F200BD6032 /* Axiforma Regular.otf */ = {isa = PBXFileReference; lastKnownFileType = file; path = "Axiforma Regular.otf"; sourceTree = "<group>"; };
		8739781827878BD000BD6032 /* LobbyViewController.swift */ = {isa = PBXFileReference; lastKnownFileType = sourcecode.swift; path = LobbyViewController.swift; sourceTree = "<group>"; };
		8739781A27878DF500BD6032 /* LobbyAppBar.swift */ = {isa = PBXFileReference; lastKnownFileType = sourcecode.swift; path = LobbyAppBar.swift; sourceTree = "<group>"; };
		8739781C278796DF00BD6032 /* Constants.swift */ = {isa = PBXFileReference; lastKnownFileType = sourcecode.swift; path = Constants.swift; sourceTree = "<group>"; };
		91994B2F630721C17917A0A2 /* Pods-BlockGeminiTask-BlockGeminiTaskUITests.release.xcconfig */ = {isa = PBXFileReference; includeInIndex = 1; lastKnownFileType = text.xcconfig; name = "Pods-BlockGeminiTask-BlockGeminiTaskUITests.release.xcconfig"; path = "Target Support Files/Pods-BlockGeminiTask-BlockGeminiTaskUITests/Pods-BlockGeminiTask-BlockGeminiTaskUITests.release.xcconfig"; sourceTree = "<group>"; };
		A0B8C7E1B3DE62235DA01A41 /* Pods-BlockGeminiTask.debug.xcconfig */ = {isa = PBXFileReference; includeInIndex = 1; lastKnownFileType = text.xcconfig; name = "Pods-BlockGeminiTask.debug.xcconfig"; path = "Target Support Files/Pods-BlockGeminiTask/Pods-BlockGeminiTask.debug.xcconfig"; sourceTree = "<group>"; };
		A4DF8A6E0CC6A81553BA46ED /* Pods-BlockGeminiTaskTests.release.xcconfig */ = {isa = PBXFileReference; includeInIndex = 1; lastKnownFileType = text.xcconfig; name = "Pods-BlockGeminiTaskTests.release.xcconfig"; path = "Target Support Files/Pods-BlockGeminiTaskTests/Pods-BlockGeminiTaskTests.release.xcconfig"; sourceTree = "<group>"; };
		C9920C27B6E43D460EFBAFD5 /* Pods_BlockGeminiTask_BlockGeminiTaskUITests.framework */ = {isa = PBXFileReference; explicitFileType = wrapper.framework; includeInIndex = 0; path = Pods_BlockGeminiTask_BlockGeminiTaskUITests.framework; sourceTree = BUILT_PRODUCTS_DIR; };
		DDA73BAF4B890B5ED0CA6B01 /* Pods-BlockGeminiTask-BlockGeminiTaskUITests.debug.xcconfig */ = {isa = PBXFileReference; includeInIndex = 1; lastKnownFileType = text.xcconfig; name = "Pods-BlockGeminiTask-BlockGeminiTaskUITests.debug.xcconfig"; path = "Target Support Files/Pods-BlockGeminiTask-BlockGeminiTaskUITests/Pods-BlockGeminiTask-BlockGeminiTaskUITests.debug.xcconfig"; sourceTree = "<group>"; };
		DDFC7B831A1D6CDE63D6133C /* Pods-BlockGeminiTask.release.xcconfig */ = {isa = PBXFileReference; includeInIndex = 1; lastKnownFileType = text.xcconfig; name = "Pods-BlockGeminiTask.release.xcconfig"; path = "Target Support Files/Pods-BlockGeminiTask/Pods-BlockGeminiTask.release.xcconfig"; sourceTree = "<group>"; };
/* End PBXFileReference section */

/* Begin PBXFrameworksBuildPhase section */
		873977CF2786D27F00BD6032 /* Frameworks */ = {
			isa = PBXFrameworksBuildPhase;
			buildActionMask = 2147483647;
			files = (
				595770C0DCA3D951D288E835 /* Pods_BlockGeminiTask.framework in Frameworks */,
			);
			runOnlyForDeploymentPostprocessing = 0;
		};
		873977E52786D28000BD6032 /* Frameworks */ = {
			isa = PBXFrameworksBuildPhase;
			buildActionMask = 2147483647;
			files = (
				8B618F4BDAF07EA183B40DEB /* Pods_BlockGeminiTaskTests.framework in Frameworks */,
			);
			runOnlyForDeploymentPostprocessing = 0;
		};
		873977EF2786D28000BD6032 /* Frameworks */ = {
			isa = PBXFrameworksBuildPhase;
			buildActionMask = 2147483647;
			files = (
				D11A997C35700BC42D0042F9 /* Pods_BlockGeminiTask_BlockGeminiTaskUITests.framework in Frameworks */,
			);
			runOnlyForDeploymentPostprocessing = 0;
		};
/* End PBXFrameworksBuildPhase section */

/* Begin PBXGroup section */
		28C96C2166909476FAC96E1A /* Frameworks */ = {
			isa = PBXGroup;
			children = (
				67A3E946F43D95C4EBEC54AC /* Pods_BlockGeminiTask.framework */,
				C9920C27B6E43D460EFBAFD5 /* Pods_BlockGeminiTask_BlockGeminiTaskUITests.framework */,
				5753BC80858FCAD0E4691F85 /* Pods_BlockGeminiTaskTests.framework */,
			);
			name = Frameworks;
			sourceTree = "<group>";
		};
		873977C92786D27F00BD6032 = {
			isa = PBXGroup;
			children = (
				8739780C2786DB5100BD6032 /* README.md */,
				873977D42786D27F00BD6032 /* BlockGeminiTask */,
				873977EB2786D28000BD6032 /* BlockGeminiTaskTests */,
				873977F52786D28000BD6032 /* BlockGeminiTaskUITests */,
				873977D32786D27F00BD6032 /* Products */,
				AC6C48795D4014D05778467D /* Pods */,
				28C96C2166909476FAC96E1A /* Frameworks */,
			);
			sourceTree = "<group>";
		};
		873977D32786D27F00BD6032 /* Products */ = {
			isa = PBXGroup;
			children = (
				873977D22786D27F00BD6032 /* BlockGeminiTask.app */,
				873977E82786D28000BD6032 /* BlockGeminiTaskTests.xctest */,
				873977F22786D28000BD6032 /* BlockGeminiTaskUITests.xctest */,
			);
			name = Products;
			sourceTree = "<group>";
		};
		873977D42786D27F00BD6032 /* BlockGeminiTask */ = {
			isa = PBXGroup;
			children = (
				873977D52786D27F00BD6032 /* AppDelegate.swift */,
				873977D72786D27F00BD6032 /* SceneDelegate.swift */,
				873978132786F5BF00BD6032 /* Fonts */,
				8739780E2786F1ED00BD6032 /* Extensions */,
				873978072786D33200BD6032 /* Models */,
				873978052786D31B00BD6032 /* Controllers */,
				873978062786D32500BD6032 /* Views */,
				873977DE2786D28000BD6032 /* Assets.xcassets */,
				873977E32786D28000BD6032 /* Info.plist */,
			);
			path = BlockGeminiTask;
			sourceTree = "<group>";
		};
		873977EB2786D28000BD6032 /* BlockGeminiTaskTests */ = {
			isa = PBXGroup;
			children = (
				873977EC2786D28000BD6032 /* BlockGeminiTaskTests.swift */,
			);
			path = BlockGeminiTaskTests;
			sourceTree = "<group>";
		};
		873977F52786D28000BD6032 /* BlockGeminiTaskUITests */ = {
			isa = PBXGroup;
			children = (
				873977F62786D28000BD6032 /* BlockGeminiTaskUITests.swift */,
				873977F82786D28000BD6032 /* BlockGeminiTaskUITestsLaunchTests.swift */,
			);
			path = BlockGeminiTaskUITests;
			sourceTree = "<group>";
		};
		873978052786D31B00BD6032 /* Controllers */ = {
			isa = PBXGroup;
			children = (
				873977D92786D27F00BD6032 /* HomeViewController.swift */,
				8739781827878BD000BD6032 /* LobbyViewController.swift */,
			);
			path = Controllers;
			sourceTree = "<group>";
		};
		873978062786D32500BD6032 /* Views */ = {
			isa = PBXGroup;
			children = (
				873977DB2786D27F00BD6032 /* Main.storyboard */,
				873977E02786D28000BD6032 /* LaunchScreen.storyboard */,
			);
			path = Views;
			sourceTree = "<group>";
		};
		873978072786D33200BD6032 /* Models */ = {
			isa = PBXGroup;
			children = (
				873978082786DA4800BD6032 /* LoginModel.swift */,
				8739780A2786DA5F00BD6032 /* LobbyModel.swift */,
			);
			path = Models;
			sourceTree = "<group>";
		};
		8739780E2786F1ED00BD6032 /* Extensions */ = {
			isa = PBXGroup;
			children = (
				8739780F2786F22300BD6032 /* LoginPopupView.swift */,
				8739781A27878DF500BD6032 /* LobbyAppBar.swift */,
				873978112786F35800BD6032 /* ViewBlur.swift */,
				8739781C278796DF00BD6032 /* Constants.swift */,
			);
			path = Extensions;
			sourceTree = "<group>";
		};
		873978132786F5BF00BD6032 /* Fonts */ = {
			isa = PBXGroup;
			children = (
				873978142786F6F200BD6032 /* Axiforma Bold.otf */,
				873978152786F6F200BD6032 /* Axiforma Regular.otf */,
			);
			path = Fonts;
			sourceTree = "<group>";
		};
		AC6C48795D4014D05778467D /* Pods */ = {
			isa = PBXGroup;
			children = (
				A0B8C7E1B3DE62235DA01A41 /* Pods-BlockGeminiTask.debug.xcconfig */,
				DDFC7B831A1D6CDE63D6133C /* Pods-BlockGeminiTask.release.xcconfig */,
				DDA73BAF4B890B5ED0CA6B01 /* Pods-BlockGeminiTask-BlockGeminiTaskUITests.debug.xcconfig */,
				91994B2F630721C17917A0A2 /* Pods-BlockGeminiTask-BlockGeminiTaskUITests.release.xcconfig */,
				01FA9BD73F78983AF199C6AC /* Pods-BlockGeminiTaskTests.debug.xcconfig */,
				A4DF8A6E0CC6A81553BA46ED /* Pods-BlockGeminiTaskTests.release.xcconfig */,
			);
			path = Pods;
			sourceTree = "<group>";
		};
/* End PBXGroup section */

/* Begin PBXNativeTarget section */
		873977D12786D27F00BD6032 /* BlockGeminiTask */ = {
			isa = PBXNativeTarget;
			buildConfigurationList = 873977FC2786D28000BD6032 /* Build configuration list for PBXNativeTarget "BlockGeminiTask" */;
			buildPhases = (
				84503EF481F61459EE0B6EF4 /* [CP] Check Pods Manifest.lock */,
				873977CE2786D27F00BD6032 /* Sources */,
				873977CF2786D27F00BD6032 /* Frameworks */,
				873977D02786D27F00BD6032 /* Resources */,
				1F1F56BD7F0FBDF3F3F9DBD5 /* [CP] Embed Pods Frameworks */,
			);
			buildRules = (
			);
			dependencies = (
			);
			name = BlockGeminiTask;
			productName = BlockGeminiTask;
			productReference = 873977D22786D27F00BD6032 /* BlockGeminiTask.app */;
			productType = "com.apple.product-type.application";
		};
		873977E72786D28000BD6032 /* BlockGeminiTaskTests */ = {
			isa = PBXNativeTarget;
			buildConfigurationList = 873977FF2786D28000BD6032 /* Build configuration list for PBXNativeTarget "BlockGeminiTaskTests" */;
			buildPhases = (
				8BBE74AF94E9F951E6BA568D /* [CP] Check Pods Manifest.lock */,
				873977E42786D28000BD6032 /* Sources */,
				873977E52786D28000BD6032 /* Frameworks */,
				873977E62786D28000BD6032 /* Resources */,
			);
			buildRules = (
			);
			dependencies = (
				873977EA2786D28000BD6032 /* PBXTargetDependency */,
			);
			name = BlockGeminiTaskTests;
			productName = BlockGeminiTaskTests;
			productReference = 873977E82786D28000BD6032 /* BlockGeminiTaskTests.xctest */;
			productType = "com.apple.product-type.bundle.unit-test";
		};
		873977F12786D28000BD6032 /* BlockGeminiTaskUITests */ = {
			isa = PBXNativeTarget;
			buildConfigurationList = 873978022786D28000BD6032 /* Build configuration list for PBXNativeTarget "BlockGeminiTaskUITests" */;
			buildPhases = (
				073692A782963671D0E10451 /* [CP] Check Pods Manifest.lock */,
				873977EE2786D28000BD6032 /* Sources */,
				873977EF2786D28000BD6032 /* Frameworks */,
				873977F02786D28000BD6032 /* Resources */,
				64EA477F84C83AD98AA03B5F /* [CP] Embed Pods Frameworks */,
			);
			buildRules = (
			);
			dependencies = (
				873977F42786D28000BD6032 /* PBXTargetDependency */,
			);
			name = BlockGeminiTaskUITests;
			productName = BlockGeminiTaskUITests;
			productReference = 873977F22786D28000BD6032 /* BlockGeminiTaskUITests.xctest */;
			productType = "com.apple.product-type.bundle.ui-testing";
		};
/* End PBXNativeTarget section */

/* Begin PBXProject section */
		873977CA2786D27F00BD6032 /* Project object */ = {
			isa = PBXProject;
			attributes = {
				BuildIndependentTargetsInParallel = 1;
				LastSwiftUpdateCheck = 1320;
				LastUpgradeCheck = 1320;
				TargetAttributes = {
					873977D12786D27F00BD6032 = {
						CreatedOnToolsVersion = 13.2.1;
					};
					873977E72786D28000BD6032 = {
						CreatedOnToolsVersion = 13.2.1;
						TestTargetID = 873977D12786D27F00BD6032;
					};
					873977F12786D28000BD6032 = {
						CreatedOnToolsVersion = 13.2.1;
						TestTargetID = 873977D12786D27F00BD6032;
					};
				};
			};
			buildConfigurationList = 873977CD2786D27F00BD6032 /* Build configuration list for PBXProject "BlockGeminiTask" */;
			compatibilityVersion = "Xcode 13.0";
			developmentRegion = en;
			hasScannedForEncodings = 0;
			knownRegions = (
				en,
				Base,
			);
			mainGroup = 873977C92786D27F00BD6032;
			productRefGroup = 873977D32786D27F00BD6032 /* Products */;
			projectDirPath = "";
			projectRoot = "";
			targets = (
				873977D12786D27F00BD6032 /* BlockGeminiTask */,
				873977E72786D28000BD6032 /* BlockGeminiTaskTests */,
				873977F12786D28000BD6032 /* BlockGeminiTaskUITests */,
			);
		};
/* End PBXProject section */

/* Begin PBXResourcesBuildPhase section */
		873977D02786D27F00BD6032 /* Resources */ = {
			isa = PBXResourcesBuildPhase;
			buildActionMask = 2147483647;
			files = (
				873978172786F6F200BD6032 /* Axiforma Regular.otf in Resources */,
				873977E22786D28000BD6032 /* LaunchScreen.storyboard in Resources */,
				873977DF2786D28000BD6032 /* Assets.xcassets in Resources */,
				873978162786F6F200BD6032 /* Axiforma Bold.otf in Resources */,
				8739780D2786DB5100BD6032 /* README.md in Resources */,
				873977DD2786D27F00BD6032 /* Main.storyboard in Resources */,
			);
			runOnlyForDeploymentPostprocessing = 0;
		};
		873977E62786D28000BD6032 /* Resources */ = {
			isa = PBXResourcesBuildPhase;
			buildActionMask = 2147483647;
			files = (
			);
			runOnlyForDeploymentPostprocessing = 0;
		};
		873977F02786D28000BD6032 /* Resources */ = {
			isa = PBXResourcesBuildPhase;
			buildActionMask = 2147483647;
			files = (
			);
			runOnlyForDeploymentPostprocessing = 0;
		};
/* End PBXResourcesBuildPhase section */

/* Begin PBXShellScriptBuildPhase section */
		073692A782963671D0E10451 /* [CP] Check Pods Manifest.lock */ = {
			isa = PBXShellScriptBuildPhase;
			buildActionMask = 2147483647;
			files = (
			);
			inputFileListPaths = (
			);
			inputPaths = (
				"${PODS_PODFILE_DIR_PATH}/Podfile.lock",
				"${PODS_ROOT}/Manifest.lock",
			);
			name = "[CP] Check Pods Manifest.lock";
			outputFileListPaths = (
			);
			outputPaths = (
				"$(DERIVED_FILE_DIR)/Pods-BlockGeminiTask-BlockGeminiTaskUITests-checkManifestLockResult.txt",
			);
			runOnlyForDeploymentPostprocessing = 0;
			shellPath = /bin/sh;
			shellScript = "diff \"${PODS_PODFILE_DIR_PATH}/Podfile.lock\" \"${PODS_ROOT}/Manifest.lock\" > /dev/null\nif [ $? != 0 ] ; then\n    # print error to STDERR\n    echo \"error: The sandbox is not in sync with the Podfile.lock. Run 'pod install' or update your CocoaPods installation.\" >&2\n    exit 1\nfi\n# This output is used by Xcode 'outputs' to avoid re-running this script phase.\necho \"SUCCESS\" > \"${SCRIPT_OUTPUT_FILE_0}\"\n";
			showEnvVarsInLog = 0;
		};
		1F1F56BD7F0FBDF3F3F9DBD5 /* [CP] Embed Pods Frameworks */ = {
			isa = PBXShellScriptBuildPhase;
			buildActionMask = 2147483647;
			files = (
			);
			inputFileListPaths = (
				"${PODS_ROOT}/Target Support Files/Pods-BlockGeminiTask/Pods-BlockGeminiTask-frameworks-${CONFIGURATION}-input-files.xcfilelist",
			);
			name = "[CP] Embed Pods Frameworks";
			outputFileListPaths = (
				"${PODS_ROOT}/Target Support Files/Pods-BlockGeminiTask/Pods-BlockGeminiTask-frameworks-${CONFIGURATION}-output-files.xcfilelist",
			);
			runOnlyForDeploymentPostprocessing = 0;
			shellPath = /bin/sh;
			shellScript = "\"${PODS_ROOT}/Target Support Files/Pods-BlockGeminiTask/Pods-BlockGeminiTask-frameworks.sh\"\n";
			showEnvVarsInLog = 0;
		};
		64EA477F84C83AD98AA03B5F /* [CP] Embed Pods Frameworks */ = {
			isa = PBXShellScriptBuildPhase;
			buildActionMask = 2147483647;
			files = (
			);
			inputFileListPaths = (
				"${PODS_ROOT}/Target Support Files/Pods-BlockGeminiTask-BlockGeminiTaskUITests/Pods-BlockGeminiTask-BlockGeminiTaskUITests-frameworks-${CONFIGURATION}-input-files.xcfilelist",
			);
			name = "[CP] Embed Pods Frameworks";
			outputFileListPaths = (
				"${PODS_ROOT}/Target Support Files/Pods-BlockGeminiTask-BlockGeminiTaskUITests/Pods-BlockGeminiTask-BlockGeminiTaskUITests-frameworks-${CONFIGURATION}-output-files.xcfilelist",
			);
			runOnlyForDeploymentPostprocessing = 0;
			shellPath = /bin/sh;
			shellScript = "\"${PODS_ROOT}/Target Support Files/Pods-BlockGeminiTask-BlockGeminiTaskUITests/Pods-BlockGeminiTask-BlockGeminiTaskUITests-frameworks.sh\"\n";
			showEnvVarsInLog = 0;
		};
		84503EF481F61459EE0B6EF4 /* [CP] Check Pods Manifest.lock */ = {
			isa = PBXShellScriptBuildPhase;
			buildActionMask = 2147483647;
			files = (
			);
			inputFileListPaths = (
			);
			inputPaths = (
				"${PODS_PODFILE_DIR_PATH}/Podfile.lock",
				"${PODS_ROOT}/Manifest.lock",
			);
			name = "[CP] Check Pods Manifest.lock";
			outputFileListPaths = (
			);
			outputPaths = (
				"$(DERIVED_FILE_DIR)/Pods-BlockGeminiTask-checkManifestLockResult.txt",
			);
			runOnlyForDeploymentPostprocessing = 0;
			shellPath = /bin/sh;
			shellScript = "diff \"${PODS_PODFILE_DIR_PATH}/Podfile.lock\" \"${PODS_ROOT}/Manifest.lock\" > /dev/null\nif [ $? != 0 ] ; then\n    # print error to STDERR\n    echo \"error: The sandbox is not in sync with the Podfile.lock. Run 'pod install' or update your CocoaPods installation.\" >&2\n    exit 1\nfi\n# This output is used by Xcode 'outputs' to avoid re-running this script phase.\necho \"SUCCESS\" > \"${SCRIPT_OUTPUT_FILE_0}\"\n";
			showEnvVarsInLog = 0;
		};
		8BBE74AF94E9F951E6BA568D /* [CP] Check Pods Manifest.lock */ = {
			isa = PBXShellScriptBuildPhase;
			buildActionMask = 2147483647;
			files = (
			);
			inputFileListPaths = (
			);
			inputPaths = (
				"${PODS_PODFILE_DIR_PATH}/Podfile.lock",
				"${PODS_ROOT}/Manifest.lock",
			);
			name = "[CP] Check Pods Manifest.lock";
			outputFileListPaths = (
			);
			outputPaths = (
				"$(DERIVED_FILE_DIR)/Pods-BlockGeminiTaskTests-checkManifestLockResult.txt",
			);
			runOnlyForDeploymentPostprocessing = 0;
			shellPath = /bin/sh;
			shellScript = "diff \"${PODS_PODFILE_DIR_PATH}/Podfile.lock\" \"${PODS_ROOT}/Manifest.lock\" > /dev/null\nif [ $? != 0 ] ; then\n    # print error to STDERR\n    echo \"error: The sandbox is not in sync with the Podfile.lock. Run 'pod install' or update your CocoaPods installation.\" >&2\n    exit 1\nfi\n# This output is used by Xcode 'outputs' to avoid re-running this script phase.\necho \"SUCCESS\" > \"${SCRIPT_OUTPUT_FILE_0}\"\n";
			showEnvVarsInLog = 0;
		};
/* End PBXShellScriptBuildPhase section */

/* Begin PBXSourcesBuildPhase section */
		873977CE2786D27F00BD6032 /* Sources */ = {
			isa = PBXSourcesBuildPhase;
			buildActionMask = 2147483647;
			files = (
				873978122786F35800BD6032 /* ViewBlur.swift in Sources */,
				873977DA2786D27F00BD6032 /* HomeViewController.swift in Sources */,
				873978092786DA4800BD6032 /* LoginModel.swift in Sources */,
				8739781927878BD100BD6032 /* LobbyViewController.swift in Sources */,
				873977D62786D27F00BD6032 /* AppDelegate.swift in Sources */,
				8739781D278796DF00BD6032 /* Constants.swift in Sources */,
				873978102786F22300BD6032 /* LoginPopupView.swift in Sources */,
				8739781B27878DF500BD6032 /* LobbyAppBar.swift in Sources */,
				8739780B2786DA5F00BD6032 /* LobbyModel.swift in Sources */,
				873977D82786D27F00BD6032 /* SceneDelegate.swift in Sources */,
			);
			runOnlyForDeploymentPostprocessing = 0;
		};
		873977E42786D28000BD6032 /* Sources */ = {
			isa = PBXSourcesBuildPhase;
			buildActionMask = 2147483647;
			files = (
				873977ED2786D28000BD6032 /* BlockGeminiTaskTests.swift in Sources */,
			);
			runOnlyForDeploymentPostprocessing = 0;
		};
		873977EE2786D28000BD6032 /* Sources */ = {
			isa = PBXSourcesBuildPhase;
			buildActionMask = 2147483647;
			files = (
				873977F92786D28000BD6032 /* BlockGeminiTaskUITestsLaunchTests.swift in Sources */,
				873977F72786D28000BD6032 /* BlockGeminiTaskUITests.swift in Sources */,
			);
			runOnlyForDeploymentPostprocessing = 0;
		};
/* End PBXSourcesBuildPhase section */

/* Begin PBXTargetDependency section */
		873977EA2786D28000BD6032 /* PBXTargetDependency */ = {
			isa = PBXTargetDependency;
			target = 873977D12786D27F00BD6032 /* BlockGeminiTask */;
			targetProxy = 873977E92786D28000BD6032 /* PBXContainerItemProxy */;
		};
		873977F42786D28000BD6032 /* PBXTargetDependency */ = {
			isa = PBXTargetDependency;
			target = 873977D12786D27F00BD6032 /* BlockGeminiTask */;
			targetProxy = 873977F32786D28000BD6032 /* PBXContainerItemProxy */;
		};
/* End PBXTargetDependency section */

/* Begin PBXVariantGroup section */
		873977DB2786D27F00BD6032 /* Main.storyboard */ = {
			isa = PBXVariantGroup;
			children = (
				873977DC2786D27F00BD6032 /* Base */,
			);
			name = Main.storyboard;
			sourceTree = "<group>";
		};
		873977E02786D28000BD6032 /* LaunchScreen.storyboard */ = {
			isa = PBXVariantGroup;
			children = (
				873977E12786D28000BD6032 /* Base */,
			);
			name = LaunchScreen.storyboard;
			sourceTree = "<group>";
		};
/* End PBXVariantGroup section */

/* Begin XCBuildConfiguration section */
		873977FA2786D28000BD6032 /* Debug */ = {
			isa = XCBuildConfiguration;
			buildSettings = {
				ALWAYS_SEARCH_USER_PATHS = NO;
				CLANG_ANALYZER_NONNULL = YES;
				CLANG_ANALYZER_NUMBER_OBJECT_CONVERSION = YES_AGGRESSIVE;
				CLANG_CXX_LANGUAGE_STANDARD = "gnu++17";
				CLANG_CXX_LIBRARY = "libc++";
				CLANG_ENABLE_MODULES = YES;
				CLANG_ENABLE_OBJC_ARC = YES;
				CLANG_ENABLE_OBJC_WEAK = YES;
				CLANG_WARN_BLOCK_CAPTURE_AUTORELEASING = YES;
				CLANG_WARN_BOOL_CONVERSION = YES;
				CLANG_WARN_COMMA = YES;
				CLANG_WARN_CONSTANT_CONVERSION = YES;
				CLANG_WARN_DEPRECATED_OBJC_IMPLEMENTATIONS = YES;
				CLANG_WARN_DIRECT_OBJC_ISA_USAGE = YES_ERROR;
				CLANG_WARN_DOCUMENTATION_COMMENTS = YES;
				CLANG_WARN_EMPTY_BODY = YES;
				CLANG_WARN_ENUM_CONVERSION = YES;
				CLANG_WARN_INFINITE_RECURSION = YES;
				CLANG_WARN_INT_CONVERSION = YES;
				CLANG_WARN_NON_LITERAL_NULL_CONVERSION = YES;
				CLANG_WARN_OBJC_IMPLICIT_RETAIN_SELF = YES;
				CLANG_WARN_OBJC_LITERAL_CONVERSION = YES;
				CLANG_WARN_OBJC_ROOT_CLASS = YES_ERROR;
				CLANG_WARN_QUOTED_INCLUDE_IN_FRAMEWORK_HEADER = YES;
				CLANG_WARN_RANGE_LOOP_ANALYSIS = YES;
				CLANG_WARN_STRICT_PROTOTYPES = YES;
				CLANG_WARN_SUSPICIOUS_MOVE = YES;
				CLANG_WARN_UNGUARDED_AVAILABILITY = YES_AGGRESSIVE;
				CLANG_WARN_UNREACHABLE_CODE = YES;
				CLANG_WARN__DUPLICATE_METHOD_MATCH = YES;
				COPY_PHASE_STRIP = NO;
				DEBUG_INFORMATION_FORMAT = dwarf;
				ENABLE_STRICT_OBJC_MSGSEND = YES;
				ENABLE_TESTABILITY = YES;
				GCC_C_LANGUAGE_STANDARD = gnu11;
				GCC_DYNAMIC_NO_PIC = NO;
				GCC_NO_COMMON_BLOCKS = YES;
				GCC_OPTIMIZATION_LEVEL = 0;
				GCC_PREPROCESSOR_DEFINITIONS = (
					"DEBUG=1",
					"$(inherited)",
				);
				GCC_WARN_64_TO_32_BIT_CONVERSION = YES;
				GCC_WARN_ABOUT_RETURN_TYPE = YES_ERROR;
				GCC_WARN_UNDECLARED_SELECTOR = YES;
				GCC_WARN_UNINITIALIZED_AUTOS = YES_AGGRESSIVE;
				GCC_WARN_UNUSED_FUNCTION = YES;
				GCC_WARN_UNUSED_VARIABLE = YES;
				IPHONEOS_DEPLOYMENT_TARGET = 15.2;
				MTL_ENABLE_DEBUG_INFO = INCLUDE_SOURCE;
				MTL_FAST_MATH = YES;
				ONLY_ACTIVE_ARCH = YES;
				SDKROOT = iphoneos;
				SWIFT_ACTIVE_COMPILATION_CONDITIONS = DEBUG;
				SWIFT_OPTIMIZATION_LEVEL = "-Onone";
			};
			name = Debug;
		};
		873977FB2786D28000BD6032 /* Release */ = {
			isa = XCBuildConfiguration;
			buildSettings = {
				ALWAYS_SEARCH_USER_PATHS = NO;
				CLANG_ANALYZER_NONNULL = YES;
				CLANG_ANALYZER_NUMBER_OBJECT_CONVERSION = YES_AGGRESSIVE;
				CLANG_CXX_LANGUAGE_STANDARD = "gnu++17";
				CLANG_CXX_LIBRARY = "libc++";
				CLANG_ENABLE_MODULES = YES;
				CLANG_ENABLE_OBJC_ARC = YES;
				CLANG_ENABLE_OBJC_WEAK = YES;
				CLANG_WARN_BLOCK_CAPTURE_AUTORELEASING = YES;
				CLANG_WARN_BOOL_CONVERSION = YES;
				CLANG_WARN_COMMA = YES;
				CLANG_WARN_CONSTANT_CONVERSION = YES;
				CLANG_WARN_DEPRECATED_OBJC_IMPLEMENTATIONS = YES;
				CLANG_WARN_DIRECT_OBJC_ISA_USAGE = YES_ERROR;
				CLANG_WARN_DOCUMENTATION_COMMENTS = YES;
				CLANG_WARN_EMPTY_BODY = YES;
				CLANG_WARN_ENUM_CONVERSION = YES;
				CLANG_WARN_INFINITE_RECURSION = YES;
				CLANG_WARN_INT_CONVERSION = YES;
				CLANG_WARN_NON_LITERAL_NULL_CONVERSION = YES;
				CLANG_WARN_OBJC_IMPLICIT_RETAIN_SELF = YES;
				CLANG_WARN_OBJC_LITERAL_CONVERSION = YES;
				CLANG_WARN_OBJC_ROOT_CLASS = YES_ERROR;
				CLANG_WARN_QUOTED_INCLUDE_IN_FRAMEWORK_HEADER = YES;
				CLANG_WARN_RANGE_LOOP_ANALYSIS = YES;
				CLANG_WARN_STRICT_PROTOTYPES = YES;
				CLANG_WARN_SUSPICIOUS_MOVE = YES;
				CLANG_WARN_UNGUARDED_AVAILABILITY = YES_AGGRESSIVE;
				CLANG_WARN_UNREACHABLE_CODE = YES;
				CLANG_WARN__DUPLICATE_METHOD_MATCH = YES;
				COPY_PHASE_STRIP = NO;
				DEBUG_INFORMATION_FORMAT = "dwarf-with-dsym";
				ENABLE_NS_ASSERTIONS = NO;
				ENABLE_STRICT_OBJC_MSGSEND = YES;
				GCC_C_LANGUAGE_STANDARD = gnu11;
				GCC_NO_COMMON_BLOCKS = YES;
				GCC_WARN_64_TO_32_BIT_CONVERSION = YES;
				GCC_WARN_ABOUT_RETURN_TYPE = YES_ERROR;
				GCC_WARN_UNDECLARED_SELECTOR = YES;
				GCC_WARN_UNINITIALIZED_AUTOS = YES_AGGRESSIVE;
				GCC_WARN_UNUSED_FUNCTION = YES;
				GCC_WARN_UNUSED_VARIABLE = YES;
				IPHONEOS_DEPLOYMENT_TARGET = 15.2;
				MTL_ENABLE_DEBUG_INFO = NO;
				MTL_FAST_MATH = YES;
				SDKROOT = iphoneos;
				SWIFT_COMPILATION_MODE = wholemodule;
				SWIFT_OPTIMIZATION_LEVEL = "-O";
				VALIDATE_PRODUCT = YES;
			};
			name = Release;
		};
		873977FD2786D28000BD6032 /* Debug */ = {
			isa = XCBuildConfiguration;
			baseConfigurationReference = A0B8C7E1B3DE62235DA01A41 /* Pods-BlockGeminiTask.debug.xcconfig */;
			buildSettings = {
				ASSETCATALOG_COMPILER_APPICON_NAME = AppIcon;
				ASSETCATALOG_COMPILER_GLOBAL_ACCENT_COLOR_NAME = AccentColor;
				CODE_SIGN_IDENTITY = "Apple Development";
				CODE_SIGN_STYLE = Automatic;
				CURRENT_PROJECT_VERSION = 1;
				DEVELOPMENT_TEAM = "";
				GENERATE_INFOPLIST_FILE = YES;
				INFOPLIST_FILE = BlockGeminiTask/Info.plist;
				INFOPLIST_KEY_UIApplicationSupportsIndirectInputEvents = YES;
				INFOPLIST_KEY_UILaunchStoryboardName = LaunchScreen;
				INFOPLIST_KEY_UIMainStoryboardFile = Main;
				INFOPLIST_KEY_UISupportedInterfaceOrientations = "UIInterfaceOrientationLandscapeRight UIInterfaceOrientationLandscapeLeft";
				INFOPLIST_KEY_UISupportedInterfaceOrientations_iPad = "UIInterfaceOrientationPortrait UIInterfaceOrientationPortraitUpsideDown UIInterfaceOrientationLandscapeLeft UIInterfaceOrientationLandscapeRight";
				INFOPLIST_KEY_UISupportedInterfaceOrientations_iPhone = "UIInterfaceOrientationPortrait UIInterfaceOrientationLandscapeLeft UIInterfaceOrientationLandscapeRight";
				LD_RUNPATH_SEARCH_PATHS = (
					"$(inherited)",
					"@executable_path/Frameworks",
				);
				MARKETING_VERSION = 1.0;
				PRODUCT_BUNDLE_IDENTIFIER = com.blockgemini.task.BlockGeminiTask;
				PRODUCT_NAME = "$(TARGET_NAME)";
				PROVISIONING_PROFILE_SPECIFIER = "";
				SWIFT_EMIT_LOC_STRINGS = YES;
				SWIFT_VERSION = 5.0;
				TARGETED_DEVICE_FAMILY = "1,2";
			};
			name = Debug;
		};
		873977FE2786D28000BD6032 /* Release */ = {
			isa = XCBuildConfiguration;
			baseConfigurationReference = DDFC7B831A1D6CDE63D6133C /* Pods-BlockGeminiTask.release.xcconfig */;
			buildSettings = {
				ASSETCATALOG_COMPILER_APPICON_NAME = AppIcon;
				ASSETCATALOG_COMPILER_GLOBAL_ACCENT_COLOR_NAME = AccentColor;
				CODE_SIGN_IDENTITY = "Apple Development";
				CODE_SIGN_STYLE = Automatic;
				CURRENT_PROJECT_VERSION = 1;
				DEVELOPMENT_TEAM = "";
				GENERATE_INFOPLIST_FILE = YES;
				INFOPLIST_FILE = BlockGeminiTask/Info.plist;
				INFOPLIST_KEY_UIApplicationSupportsIndirectInputEvents = YES;
				INFOPLIST_KEY_UILaunchStoryboardName = LaunchScreen;
				INFOPLIST_KEY_UIMainStoryboardFile = Main;
				INFOPLIST_KEY_UISupportedInterfaceOrientations = "UIInterfaceOrientationLandscapeRight UIInterfaceOrientationLandscapeLeft";
				INFOPLIST_KEY_UISupportedInterfaceOrientations_iPad = "UIInterfaceOrientationPortrait UIInterfaceOrientationPortraitUpsideDown UIInterfaceOrientationLandscapeLeft UIInterfaceOrientationLandscapeRight";
				INFOPLIST_KEY_UISupportedInterfaceOrientations_iPhone = "UIInterfaceOrientationPortrait UIInterfaceOrientationLandscapeLeft UIInterfaceOrientationLandscapeRight";
				LD_RUNPATH_SEARCH_PATHS = (
					"$(inherited)",
					"@executable_path/Frameworks",
				);
				MARKETING_VERSION = 1.0;
				PRODUCT_BUNDLE_IDENTIFIER = com.blockgemini.task.BlockGeminiTask;
				PRODUCT_NAME = "$(TARGET_NAME)";
				PROVISIONING_PROFILE_SPECIFIER = "";
				SWIFT_EMIT_LOC_STRINGS = YES;
				SWIFT_VERSION = 5.0;
				TARGETED_DEVICE_FAMILY = "1,2";
			};
			name = Release;
		};
		873978002786D28000BD6032 /* Debug */ = {
			isa = XCBuildConfiguration;
			baseConfigurationReference = 01FA9BD73F78983AF199C6AC /* Pods-BlockGeminiTaskTests.debug.xcconfig */;
			buildSettings = {
				ALWAYS_EMBED_SWIFT_STANDARD_LIBRARIES = YES;
				BUNDLE_LOADER = "$(TEST_HOST)";
				CODE_SIGN_STYLE = Automatic;
				CURRENT_PROJECT_VERSION = 1;
				GENERATE_INFOPLIST_FILE = YES;
				IPHONEOS_DEPLOYMENT_TARGET = 15.2;
				MARKETING_VERSION = 1.0;
				PRODUCT_BUNDLE_IDENTIFIER = com.blockgemini.task.BlockGeminiTaskTests;
				PRODUCT_NAME = "$(TARGET_NAME)";
				SWIFT_EMIT_LOC_STRINGS = NO;
				SWIFT_VERSION = 5.0;
				TARGETED_DEVICE_FAMILY = "1,2";
				TEST_HOST = "$(BUILT_PRODUCTS_DIR)/BlockGeminiTask.app/BlockGeminiTask";
			};
			name = Debug;
		};
		873978012786D28000BD6032 /* Release */ = {
			isa = XCBuildConfiguration;
			baseConfigurationReference = A4DF8A6E0CC6A81553BA46ED /* Pods-BlockGeminiTaskTests.release.xcconfig */;
			buildSettings = {
				ALWAYS_EMBED_SWIFT_STANDARD_LIBRARIES = YES;
				BUNDLE_LOADER = "$(TEST_HOST)";
				CODE_SIGN_STYLE = Automatic;
				CURRENT_PROJECT_VERSION = 1;
				GENERATE_INFOPLIST_FILE = YES;
				IPHONEOS_DEPLOYMENT_TARGET = 15.2;
				MARKETING_VERSION = 1.0;
				PRODUCT_BUNDLE_IDENTIFIER = com.blockgemini.task.BlockGeminiTaskTests;
				PRODUCT_NAME = "$(TARGET_NAME)";
				SWIFT_EMIT_LOC_STRINGS = NO;
				SWIFT_VERSION = 5.0;
				TARGETED_DEVICE_FAMILY = "1,2";
				TEST_HOST = "$(BUILT_PRODUCTS_DIR)/BlockGeminiTask.app/BlockGeminiTask";
			};
			name = Release;
		};
		873978032786D28000BD6032 /* Debug */ = {
			isa = XCBuildConfiguration;
			baseConfigurationReference = DDA73BAF4B890B5ED0CA6B01 /* Pods-BlockGeminiTask-BlockGeminiTaskUITests.debug.xcconfig */;
			buildSettings = {
				ALWAYS_EMBED_SWIFT_STANDARD_LIBRARIES = YES;
				CODE_SIGN_STYLE = Automatic;
				CURRENT_PROJECT_VERSION = 1;
				GENERATE_INFOPLIST_FILE = YES;
				MARKETING_VERSION = 1.0;
				PRODUCT_BUNDLE_IDENTIFIER = com.blockgemini.task.BlockGeminiTaskUITests;
				PRODUCT_NAME = "$(TARGET_NAME)";
				SWIFT_EMIT_LOC_STRINGS = NO;
				SWIFT_VERSION = 5.0;
				TARGETED_DEVICE_FAMILY = "1,2";
				TEST_TARGET_NAME = BlockGeminiTask;
			};
			name = Debug;
		};
		873978042786D28000BD6032 /* Release */ = {
			isa = XCBuildConfiguration;
			baseConfigurationReference = 91994B2F630721C17917A0A2 /* Pods-BlockGeminiTask-BlockGeminiTaskUITests.release.xcconfig */;
			buildSettings = {
				ALWAYS_EMBED_SWIFT_STANDARD_LIBRARIES = YES;
				CODE_SIGN_STYLE = Automatic;
				CURRENT_PROJECT_VERSION = 1;
				GENERATE_INFOPLIST_FILE = YES;
				MARKETING_VERSION = 1.0;
				PRODUCT_BUNDLE_IDENTIFIER = com.blockgemini.task.BlockGeminiTaskUITests;
				PRODUCT_NAME = "$(TARGET_NAME)";
				SWIFT_EMIT_LOC_STRINGS = NO;
				SWIFT_VERSION = 5.0;
				TARGETED_DEVICE_FAMILY = "1,2";
				TEST_TARGET_NAME = BlockGeminiTask;
			};
			name = Release;
		};
/* End XCBuildConfiguration section */

/* Begin XCConfigurationList section */
		873977CD2786D27F00BD6032 /* Build configuration list for PBXProject "BlockGeminiTask" */ = {
			isa = XCConfigurationList;
			buildConfigurations = (
				873977FA2786D28000BD6032 /* Debug */,
				873977FB2786D28000BD6032 /* Release */,
			);
			defaultConfigurationIsVisible = 0;
			defaultConfigurationName = Release;
		};
		873977FC2786D28000BD6032 /* Build configuration list for PBXNativeTarget "BlockGeminiTask" */ = {
			isa = XCConfigurationList;
			buildConfigurations = (
				873977FD2786D28000BD6032 /* Debug */,
				873977FE2786D28000BD6032 /* Release */,
			);
			defaultConfigurationIsVisible = 0;
			defaultConfigurationName = Release;
		};
		873977FF2786D28000BD6032 /* Build configuration list for PBXNativeTarget "BlockGeminiTaskTests" */ = {
			isa = XCConfigurationList;
			buildConfigurations = (
				873978002786D28000BD6032 /* Debug */,
				873978012786D28000BD6032 /* Release */,
			);
			defaultConfigurationIsVisible = 0;
			defaultConfigurationName = Release;
		};
		873978022786D28000BD6032 /* Build configuration list for PBXNativeTarget "BlockGeminiTaskUITests" */ = {
			isa = XCConfigurationList;
			buildConfigurations = (
				873978032786D28000BD6032 /* Debug */,
				873978042786D28000BD6032 /* Release */,
			);
			defaultConfigurationIsVisible = 0;
			defaultConfigurationName = Release;
		};
/* End XCConfigurationList section */
	};
	rootObject = 873977CA2786D27F00BD6032 /* Project object */;
}
