PODS:
  - SkyFloatingLabelTextField (3.8.0)

DEPENDENCIES:
  - SkyFloatingLabelTextField (~> 3.0)

SPEC REPOS:
  trunk:
    - SkyFloatingLabelTextField

SPEC CHECKSUMS:
  SkyFloatingLabelTextField: 5a338412114808e961fe2d14ea2c5452c8b6e4aa

PODFILE CHECKSUM: 9260ec1ec78a3b8c0d06caa86356dff25a3ae19d

COCOAPODS: 1.11.2
